Microsoft Visual Studio Solution File, Format Version 12.00
# Visual Studio Version 17
VisualStudioVersion = 17.5.2.0
MinimumVisualStudioVersion = 10.0.40219.1
Project("{2150E333-8FDC-42A3-9474-1A3956D46DE8}") = "backend", "backend", "{1AE8ACA6-933B-BF2A-3671-3E2EAC007D16}"
EndProject
Project("{FAE04EC0-301F-11D3-BF4B-00C04F79EFBC}") = "PluriConnect_Api", "backend\PluriConnect_Api\PluriConnect_Api.csproj", "{827836F9-C48A-FBD0-73E0-7EF2C455A817}"
EndProject
Global
	GlobalSection(SolutionConfigurationPlatforms) = preSolution
		Debug|Any CPU = Debug|Any CPU
		Release|Any CPU = Release|Any CPU
	EndGlobalSection
	GlobalSection(ProjectConfigurationPlatforms) = postSolution
		{827836F9-C48A-FBD0-73E0-7EF2C455A817}.Debug|Any CPU.ActiveCfg = Debug|Any CPU
		{827836F9-C48A-FBD0-73E0-7EF2C455A817}.Debug|Any CPU.Build.0 = Debug|Any CPU
		{827836F9-C48A-FBD0-73E0-7EF2C455A817}.Release|Any CPU.ActiveCfg = Release|Any CPU
		{827836F9-C48A-FBD0-73E0-7EF2C455A817}.Release|Any CPU.Build.0 = Release|Any CPU
	EndGlobalSection
	GlobalSection(SolutionProperties) = preSolution
		HideSolutionNode = FALSE
	EndGlobalSection
	GlobalSection(NestedProjects) = preSolution
		{827836F9-C48A-FBD0-73E0-7EF2C455A817} = {1AE8ACA6-933B-BF2A-3671-3E2EAC007D16}
	EndGlobalSection
	GlobalSection(ExtensibilityGlobals) = postSolution
		SolutionGuid = {624A137B-9E8D-4E15-9BAB-B54938727249}
	EndGlobalSection
EndGlobal
